// !$*UTF8*$!
{
	archiveVersion = 1;
	classes = {
	};
	objectVersion = 48;
	objects = {

/* Begin PBXBuildFile section */
		FA0A3AF41F80017B00D89784 /* AppDelegate.swift in Sources */ = {isa = PBXBuildFile; fileRef = FA0A3AF31F80017B00D89784 /* AppDelegate.swift */; };
		FA0A3AF61F80017B00D89784 /* ViewController.swift in Sources */ = {isa = PBXBuildFile; fileRef = FA0A3AF51F80017B00D89784 /* ViewController.swift */; };
		FA0A3AF91F80017B00D89784 /* Main.storyboard in Resources */ = {isa = PBXBuildFile; fileRef = FA0A3AF71F80017B00D89784 /* Main.storyboard */; };
		FA0A3AFB1F80017B00D89784 /* Assets.xcassets in Resources */ = {isa = PBXBuildFile; fileRef = FA0A3AFA1F80017B00D89784 /* Assets.xcassets */; };
		FA0A3AFE1F80017B00D89784 /* LaunchScreen.storyboard in Resources */ = {isa = PBXBuildFile; fileRef = FA0A3AFC1F80017B00D89784 /* LaunchScreen.storyboard */; };
		FA0A3B091F80017B00D89784 /* SuperSizeMeTests.swift in Sources */ = {isa = PBXBuildFile; fileRef = FA0A3B081F80017B00D89784 /* SuperSizeMeTests.swift */; };
		FA0A3B141F80017C00D89784 /* SuperSizeMeUITests.swift in Sources */ = {isa = PBXBuildFile; fileRef = FA0A3B131F80017C00D89784 /* SuperSizeMeUITests.swift */; };
/* End PBXBuildFile section */

/* Begin PBXContainerItemProxy section */
		FA0A3B051F80017B00D89784 /* PBXContainerItemProxy */ = {
			isa = PBXContainerItemProxy;
			containerPortal = FA0A3AE81F80017B00D89784 /* Project object */;
			proxyType = 1;
			remoteGlobalIDString = FA0A3AEF1F80017B00D89784;
			remoteInfo = SuperSizeMe;
		};
		FA0A3B101F80017C00D89784 /* PBXContainerItemProxy */ = {
			isa = PBXContainerItemProxy;
			containerPortal = FA0A3AE81F80017B00D89784 /* Project object */;
			proxyType = 1;
			remoteGlobalIDString = FA0A3AEF1F80017B00D89784;
			remoteInfo = SuperSizeMe;
		};
/* End PBXContainerItemProxy section */

/* Begin PBXFileReference section */
		FA0A3AF01F80017B00D89784 /* SuperSizeMe.app */ = {isa = PBXFileReference; explicitFileType = wrapper.application; includeInIndex = 0; path = SuperSizeMe.app; sourceTree = BUILT_PRODUCTS_DIR; };
		FA0A3AF31F80017B00D89784 /* AppDelegate.swift */ = {isa = PBXFileReference; lastKnownFileType = sourcecode.swift; path = AppDelegate.swift; sourceTree = "<group>"; };
		FA0A3AF51F80017B00D89784 /* ViewController.swift */ = {isa = PBXFileReference; lastKnownFileType = sourcecode.swift; path = ViewController.swift; sourceTree = "<group>"; };
		FA0A3AF81F80017B00D89784 /* Base */ = {isa = PBXFileReference; lastKnownFileType = file.storyboard; name = Base; path = Base.lproj/Main.storyboard; sourceTree = "<group>"; };
		FA0A3AFA1F80017B00D89784 /* Assets.xcassets */ = {isa = PBXFileReference; lastKnownFileType = folder.assetcatalog; path = Assets.xcassets; sourceTree = "<group>"; };
		FA0A3AFD1F80017B00D89784 /* Base */ = {isa = PBXFileReference; lastKnownFileType = file.storyboard; name = Base; path = Base.lproj/LaunchScreen.storyboard; sourceTree = "<group>"; };
		FA0A3AFF1F80017B00D89784 /* Info.plist */ = {isa = PBXFileReference; lastKnownFileType = text.plist.xml; path = Info.plist; sourceTree = "<group>"; };
		FA0A3B041F80017B00D89784 /* SuperSizeMeTests.xctest */ = {isa = PBXFileReference; explicitFileType = wrapper.cfbundle; includeInIndex = 0; path = SuperSizeMeTests.xctest; sourceTree = BUILT_PRODUCTS_DIR; };
		FA0A3B081F80017B00D89784 /* SuperSizeMeTests.swift */ = {isa = PBXFileReference; lastKnownFileType = sourcecode.swift; path = SuperSizeMeTests.swift; sourceTree = "<group>"; };
		FA0A3B0A1F80017B00D89784 /* Info.plist */ = {isa = PBXFileReference; lastKnownFileType = text.plist.xml; path = Info.plist; sourceTree = "<group>"; };
		FA0A3B0F1F80017C00D89784 /* SuperSizeMeUITests.xctest */ = {isa = PBXFileReference; explicitFileType = wrapper.cfbundle; includeInIndex = 0; path = SuperSizeMeUITests.xctest; sourceTree = BUILT_PRODUCTS_DIR; };
		FA0A3B131F80017C00D89784 /* SuperSizeMeUITests.swift */ = {isa = PBXFileReference; lastKnownFileType = sourcecode.swift; path = SuperSizeMeUITests.swift; sourceTree = "<group>"; };
		FA0A3B151F80017C00D89784 /* Info.plist */ = {isa = PBXFileReference; lastKnownFileType = text.plist.xml; path = Info.plist; sourceTree = "<group>"; };
/* End PBXFileReference section */

/* Begin PBXFrameworksBuildPhase section */
		FA0A3AED1F80017B00D89784 /* Frameworks */ = {
			isa = PBXFrameworksBuildPhase;
			buildActionMask = 2147483647;
			files = (
			);
			runOnlyForDeploymentPostprocessing = 0;
		};
		FA0A3B011F80017B00D89784 /* Frameworks */ = {
			isa = PBXFrameworksBuildPhase;
			buildActionMask = 2147483647;
			files = (
			);
			runOnlyForDeploymentPostprocessing = 0;
		};
		FA0A3B0C1F80017B00D89784 /* Frameworks */ = {
			isa = PBXFrameworksBuildPhase;
			buildActionMask = 2147483647;
			files = (
			);
			runOnlyForDeploymentPostprocessing = 0;
		};
/* End PBXFrameworksBuildPhase section */

/* Begin PBXGroup section */
		FA0A3AE71F80017B00D89784 = {
			isa = PBXGroup;
			children = (
				FA0A3AF21F80017B00D89784 /* SuperSizeMe */,
				FA0A3B071F80017B00D89784 /* SuperSizeMeTests */,
				FA0A3B121F80017C00D89784 /* SuperSizeMeUITests */,
				FA0A3AF11F80017B00D89784 /* Products */,
			);
			sourceTree = "<group>";
		};
		FA0A3AF11F80017B00D89784 /* Products */ = {
			isa = PBXGroup;
			children = (
				FA0A3AF01F80017B00D89784 /* SuperSizeMe.app */,
				FA0A3B041F80017B00D89784 /* SuperSizeMeTests.xctest */,
				FA0A3B0F1F80017C00D89784 /* SuperSizeMeUITests.xctest */,
			);
			name = Products;
			sourceTree = "<group>";
		};
		FA0A3AF21F80017B00D89784 /* SuperSizeMe */ = {
			isa = PBXGroup;
			children = (
				FA0A3AF31F80017B00D89784 /* AppDelegate.swift */,
				FA0A3AF51F80017B00D89784 /* ViewController.swift */,
				FA0A3AF71F80017B00D89784 /* Main.storyboard */,
				FA0A3AFA1F80017B00D89784 /* Assets.xcassets */,
				FA0A3AFC1F80017B00D89784 /* LaunchScreen.storyboard */,
				FA0A3AFF1F80017B00D89784 /* Info.plist */,
			);
			path = SuperSizeMe;
			sourceTree = "<group>";
		};
		FA0A3B071F80017B00D89784 /* SuperSizeMeTests */ = {
			isa = PBXGroup;
			children = (
				FA0A3B081F80017B00D89784 /* SuperSizeMeTests.swift */,
				FA0A3B0A1F80017B00D89784 /* Info.plist */,
			);
			path = SuperSizeMeTests;
			sourceTree = "<group>";
		};
		FA0A3B121F80017C00D89784 /* SuperSizeMeUITests */ = {
			isa = PBXGroup;
			children = (
				FA0A3B131F80017C00D89784 /* SuperSizeMeUITests.swift */,
				FA0A3B151F80017C00D89784 /* Info.plist */,
			);
			path = SuperSizeMeUITests;
			sourceTree = "<group>";
		};
/* End PBXGroup section */

/* Begin PBXNativeTarget section */
		FA0A3AEF1F80017B00D89784 /* SuperSizeMe */ = {
			isa = PBXNativeTarget;
			buildConfigurationList = FA0A3B181F80017C00D89784 /* Build configuration list for PBXNativeTarget "SuperSizeMe" */;
			buildPhases = (
				FA0A3AEC1F80017B00D89784 /* Sources */,
				FA0A3AED1F80017B00D89784 /* Frameworks */,
				FA0A3AEE1F80017B00D89784 /* Resources */,
			);
			buildRules = (
			);
			dependencies = (
			);
			name = SuperSizeMe;
			productName = SuperSizeMe;
			productReference = FA0A3AF01F80017B00D89784 /* SuperSizeMe.app */;
			productType = "com.apple.product-type.application";
		};
		FA0A3B031F80017B00D89784 /* SuperSizeMeTests */ = {
			isa = PBXNativeTarget;
			buildConfigurationList = FA0A3B1B1F80017C00D89784 /* Build configuration list for PBXNativeTarget "SuperSizeMeTests" */;
			buildPhases = (
				FA0A3B001F80017B00D89784 /* Sources */,
				FA0A3B011F80017B00D89784 /* Frameworks */,
				FA0A3B021F80017B00D89784 /* Resources */,
			);
			buildRules = (
			);
			dependencies = (
				FA0A3B061F80017B00D89784 /* PBXTargetDependency */,
			);
			name = SuperSizeMeTests;
			productName = SuperSizeMeTests;
			productReference = FA0A3B041F80017B00D89784 /* SuperSizeMeTests.xctest */;
			productType = "com.apple.product-type.bundle.unit-test";
		};
		FA0A3B0E1F80017B00D89784 /* SuperSizeMeUITests */ = {
			isa = PBXNativeTarget;
			buildConfigurationList = FA0A3B1E1F80017C00D89784 /* Build configuration list for PBXNativeTarget "SuperSizeMeUITests" */;
			buildPhases = (
				FA0A3B0B1F80017B00D89784 /* Sources */,
				FA0A3B0C1F80017B00D89784 /* Frameworks */,
				FA0A3B0D1F80017B00D89784 /* Resources */,
			);
			buildRules = (
			);
			dependencies = (
				FA0A3B111F80017C00D89784 /* PBXTargetDependency */,
			);
			name = SuperSizeMeUITests;
			productName = SuperSizeMeUITests;
			productReference = FA0A3B0F1F80017C00D89784 /* SuperSizeMeUITests.xctest */;
			productType = "com.apple.product-type.bundle.ui-testing";
		};
/* End PBXNativeTarget section */

/* Begin PBXProject section */
		FA0A3AE81F80017B00D89784 /* Project object */ = {
			isa = PBXProject;
			attributes = {
				LastSwiftUpdateCheck = 0900;
				LastUpgradeCheck = 0900;
				ORGANIZATIONNAME = "tony mack";
				TargetAttributes = {
					FA0A3AEF1F80017B00D89784 = {
						CreatedOnToolsVersion = 9.0;
						ProvisioningStyle = Automatic;
					};
					FA0A3B031F80017B00D89784 = {
						CreatedOnToolsVersion = 9.0;
						ProvisioningStyle = Automatic;
						TestTargetID = FA0A3AEF1F80017B00D89784;
					};
					FA0A3B0E1F80017B00D89784 = {
						CreatedOnToolsVersion = 9.0;
						ProvisioningStyle = Automatic;
						TestTargetID = FA0A3AEF1F80017B00D89784;
					};
				};
			};
			buildConfigurationList = FA0A3AEB1F80017B00D89784 /* Build configuration list for PBXProject "SuperSizeMe" */;
			compatibilityVersion = "Xcode 8.0";
			developmentRegion = en;
			hasScannedForEncodings = 0;
			knownRegions = (
				en,
				Base,
			);
			mainGroup = FA0A3AE71F80017B00D89784;
			productRefGroup = FA0A3AF11F80017B00D89784 /* Products */;
			projectDirPath = "";
			projectRoot = "";
			targets = (
				FA0A3AEF1F80017B00D89784 /* SuperSizeMe */,
				FA0A3B031F80017B00D89784 /* SuperSizeMeTests */,
				FA0A3B0E1F80017B00D89784 /* SuperSizeMeUITests */,
			);
		};
/* End PBXProject section */

/* Begin PBXResourcesBuildPhase section */
		FA0A3AEE1F80017B00D89784 /* Resources */ = {
			isa = PBXResourcesBuildPhase;
			buildActionMask = 2147483647;
			files = (
				FA0A3AFE1F80017B00D89784 /* LaunchScreen.storyboard in Resources */,
				FA0A3AFB1F80017B00D89784 /* Assets.xcassets in Resources */,
				FA0A3AF91F80017B00D89784 /* Main.storyboard in Resources */,
			);
			runOnlyForDeploymentPostprocessing = 0;
		};
		FA0A3B021F80017B00D89784 /* Resources */ = {
			isa = PBXResourcesBuildPhase;
			buildActionMask = 2147483647;
			files = (
			);
			runOnlyForDeploymentPostprocessing = 0;
		};
		FA0A3B0D1F80017B00D89784 /* Resources */ = {
			isa = PBXResourcesBuildPhase;
			buildActionMask = 2147483647;
			files = (
			);
			runOnlyForDeploymentPostprocessing = 0;
		};
/* End PBXResourcesBuildPhase section */

/* Begin PBXSourcesBuildPhase section */
		FA0A3AEC1F80017B00D89784 /* Sources */ = {
			isa = PBXSourcesBuildPhase;
			buildActionMask = 2147483647;
			files = (
				FA0A3AF61F80017B00D89784 /* ViewController.swift in Sources */,
				FA0A3AF41F80017B00D89784 /* AppDelegate.swift in Sources */,
			);
			runOnlyForDeploymentPostprocessing = 0;
		};
		FA0A3B001F80017B00D89784 /* Sources */ = {
			isa = PBXSourcesBuildPhase;
			buildActionMask = 2147483647;
			files = (
				FA0A3B091F80017B00D89784 /* SuperSizeMeTests.swift in Sources */,
			);
			runOnlyForDeploymentPostprocessing = 0;
		};
		FA0A3B0B1F80017B00D89784 /* Sources */ = {
			isa = PBXSourcesBuildPhase;
			buildActionMask = 2147483647;
			files = (
				FA0A3B141F80017C00D89784 /* SuperSizeMeUITests.swift in Sources */,
			);
			runOnlyForDeploymentPostprocessing = 0;
		};
/* End PBXSourcesBuildPhase section */

/* Begin PBXTargetDependency section */
		FA0A3B061F80017B00D89784 /* PBXTargetDependency */ = {
			isa = PBXTargetDependency;
			target = FA0A3AEF1F80017B00D89784 /* SuperSizeMe */;
			targetProxy = FA0A3B051F80017B00D89784 /* PBXContainerItemProxy */;
		};
		FA0A3B111F80017C00D89784 /* PBXTargetDependency */ = {
			isa = PBXTargetDependency;
			target = FA0A3AEF1F80017B00D89784 /* SuperSizeMe */;
			targetProxy = FA0A3B101F80017C00D89784 /* PBXContainerItemProxy */;
		};
/* End PBXTargetDependency section */

/* Begin PBXVariantGroup section */
		FA0A3AF71F80017B00D89784 /* Main.storyboard */ = {
			isa = PBXVariantGroup;
			children = (
				FA0A3AF81F80017B00D89784 /* Base */,
			);
			name = Main.storyboard;
			sourceTree = "<group>";
			usesTabs = 1;
		};
		FA0A3AFC1F80017B00D89784 /* LaunchScreen.storyboard */ = {
			isa = PBXVariantGroup;
			children = (
				FA0A3AFD1F80017B00D89784 /* Base */,
			);
			name = LaunchScreen.storyboard;
			sourceTree = "<group>";
		};
/* End PBXVariantGroup section */

/* Begin XCBuildConfiguration section */
		FA0A3B161F80017C00D89784 /* Debug */ = {
			isa = XCBuildConfiguration;
			buildSettings = {
				ALWAYS_SEARCH_USER_PATHS = NO;
				CLANG_ANALYZER_NONNULL = YES;
				CLANG_ANALYZER_NUMBER_OBJECT_CONVERSION = YES_AGGRESSIVE;
				CLANG_CXX_LANGUAGE_STANDARD = "gnu++14";
				CLANG_CXX_LIBRARY = "libc++";
				CLANG_ENABLE_MODULES = YES;
				CLANG_ENABLE_OBJC_ARC = YES;
				CLANG_WARN_BLOCK_CAPTURE_AUTORELEASING = YES;
				CLANG_WARN_BOOL_CONVERSION = YES;
				CLANG_WARN_COMMA = YES;
				CLANG_WARN_CONSTANT_CONVERSION = YES;
				CLANG_WARN_DIRECT_OBJC_ISA_USAGE = YES_ERROR;
				CLANG_WARN_DOCUMENTATION_COMMENTS = YES;
				CLANG_WARN_EMPTY_BODY = YES;
				CLANG_WARN_ENUM_CONVERSION = YES;
				CLANG_WARN_INFINITE_RECURSION = YES;
				CLANG_WARN_INT_CONVERSION = YES;
				CLANG_WARN_NON_LITERAL_NULL_CONVERSION = YES;
				CLANG_WARN_OBJC_LITERAL_CONVERSION = YES;
				CLANG_WARN_OBJC_ROOT_CLASS = YES_ERROR;
				CLANG_WARN_RANGE_LOOP_ANALYSIS = YES;
				CLANG_WARN_STRICT_PROTOTYPES = YES;
				CLANG_WARN_SUSPICIOUS_MOVE = YES;
				CLANG_WARN_UNGUARDED_AVAILABILITY = YES_AGGRESSIVE;
				CLANG_WARN_UNREACHABLE_CODE = YES;
				CLANG_WARN__DUPLICATE_METHOD_MATCH = YES;
				CODE_SIGN_IDENTITY = "iPhone Developer";
				COPY_PHASE_STRIP = NO;
				DEBUG_INFORMATION_FORMAT = dwarf;
				ENABLE_STRICT_OBJC_MSGSEND = YES;
				ENABLE_TESTABILITY = YES;
				GCC_C_LANGUAGE_STANDARD = gnu11;
				GCC_DYNAMIC_NO_PIC = NO;
				GCC_NO_COMMON_BLOCKS = YES;
				GCC_OPTIMIZATION_LEVEL = 0;
				GCC_PREPROCESSOR_DEFINITIONS = (
					"DEBUG=1",
					"$(inherited)",
				);
				GCC_WARN_64_TO_32_BIT_CONVERSION = YES;
				GCC_WARN_ABOUT_RETURN_TYPE = YES_ERROR;
				GCC_WARN_UNDECLARED_SELECTOR = YES;
				GCC_WARN_UNINITIALIZED_AUTOS = YES_AGGRESSIVE;
				GCC_WARN_UNUSED_FUNCTION = YES;
				GCC_WARN_UNUSED_VARIABLE = YES;
				IPHONEOS_DEPLOYMENT_TARGET = 11.0;
				MTL_ENABLE_DEBUG_INFO = YES;
				ONLY_ACTIVE_ARCH = YES;
				SDKROOT = iphoneos;
				SWIFT_ACTIVE_COMPILATION_CONDITIONS = DEBUG;
				SWIFT_OPTIMIZATION_LEVEL = "-Onone";
			};
			name = Debug;
		};
		FA0A3B171F80017C00D89784 /* Release */ = {
			isa = XCBuildConfiguration;
			buildSettings = {
				ALWAYS_SEARCH_USER_PATHS = NO;
				CLANG_ANALYZER_NONNULL = YES;
				CLANG_ANALYZER_NUMBER_OBJECT_CONVERSION = YES_AGGRESSIVE;
				CLANG_CXX_LANGUAGE_STANDARD = "gnu++14";
				CLANG_CXX_LIBRARY = "libc++";
				CLANG_ENABLE_MODULES = YES;
				CLANG_ENABLE_OBJC_ARC = YES;
				CLANG_WARN_BLOCK_CAPTURE_AUTORELEASING = YES;
				CLANG_WARN_BOOL_CONVERSION = YES;
				CLANG_WARN_COMMA = YES;
				CLANG_WARN_CONSTANT_CONVERSION = YES;
				CLANG_WARN_DIRECT_OBJC_ISA_USAGE = YES_ERROR;
				CLANG_WARN_DOCUMENTATION_COMMENTS = YES;
				CLANG_WARN_EMPTY_BODY = YES;
				CLANG_WARN_ENUM_CONVERSION = YES;
				CLANG_WARN_INFINITE_RECURSION = YES;
				CLANG_WARN_INT_CONVERSION = YES;
				CLANG_WARN_NON_LITERAL_NULL_CONVERSION = YES;
				CLANG_WARN_OBJC_LITERAL_CONVERSION = YES;
				CLANG_WARN_OBJC_ROOT_CLASS = YES_ERROR;
				CLANG_WARN_RANGE_LOOP_ANALYSIS = YES;
				CLANG_WARN_STRICT_PROTOTYPES = YES;
				CLANG_WARN_SUSPICIOUS_MOVE = YES;
				CLANG_WARN_UNGUARDED_AVAILABILITY = YES_AGGRESSIVE;
				CLANG_WARN_UNREACHABLE_CODE = YES;
				CLANG_WARN__DUPLICATE_METHOD_MATCH = YES;
				CODE_SIGN_IDENTITY = "iPhone Developer";
				COPY_PHASE_STRIP = NO;
				DEBUG_INFORMATION_FORMAT = "dwarf-with-dsym";
				ENABLE_NS_ASSERTIONS = NO;
				ENABLE_STRICT_OBJC_MSGSEND = YES;
				GCC_C_LANGUAGE_STANDARD = gnu11;
				GCC_NO_COMMON_BLOCKS = YES;
				GCC_WARN_64_TO_32_BIT_CONVERSION = YES;
				GCC_WARN_ABOUT_RETURN_TYPE = YES_ERROR;
				GCC_WARN_UNDECLARED_SELECTOR = YES;
				GCC_WARN_UNINITIALIZED_AUTOS = YES_AGGRESSIVE;
				GCC_WARN_UNUSED_FUNCTION = YES;
				GCC_WARN_UNUSED_VARIABLE = YES;
				IPHONEOS_DEPLOYMENT_TARGET = 11.0;
				MTL_ENABLE_DEBUG_INFO = NO;
				SDKROOT = iphoneos;
				SWIFT_OPTIMIZATION_LEVEL = "-Owholemodule";
				VALIDATE_PRODUCT = YES;
			};
			name = Release;
		};
		FA0A3B191F80017C00D89784 /* Debug */ = {
			isa = XCBuildConfiguration;
			buildSettings = {
				ASSETCATALOG_COMPILER_APPICON_NAME = AppIcon;
				CODE_SIGN_STYLE = Automatic;
				INFOPLIST_FILE = SuperSizeMe/Info.plist;
				LD_RUNPATH_SEARCH_PATHS = "$(inherited) @executable_path/Frameworks";
				PRODUCT_BUNDLE_IDENTIFIER = SuperSizeMe.SuperSizeMe;
				PRODUCT_NAME = "$(TARGET_NAME)";
				SWIFT_VERSION = 4.0;
				TARGETED_DEVICE_FAMILY = "1,2";
			};
			name = Debug;
		};
		FA0A3B1A1F80017C00D89784 /* Release */ = {
			isa = XCBuildConfiguration;
			buildSettings = {
				ASSETCATALOG_COMPILER_APPICON_NAME = AppIcon;
				CODE_SIGN_STYLE = Automatic;
				INFOPLIST_FILE = SuperSizeMe/Info.plist;
				LD_RUNPATH_SEARCH_PATHS = "$(inherited) @executable_path/Frameworks";
				PRODUCT_BUNDLE_IDENTIFIER = SuperSizeMe.SuperSizeMe;
				PRODUCT_NAME = "$(TARGET_NAME)";
				SWIFT_VERSION = 4.0;
				TARGETED_DEVICE_FAMILY = "1,2";
			};
			name = Release;
		};
		FA0A3B1C1F80017C00D89784 /* Debug */ = {
			isa = XCBuildConfiguration;
			buildSettings = {
				ALWAYS_EMBED_SWIFT_STANDARD_LIBRARIES = YES;
				BUNDLE_LOADER = "$(TEST_HOST)";
				CODE_SIGN_STYLE = Automatic;
				INFOPLIST_FILE = SuperSizeMeTests/Info.plist;
				LD_RUNPATH_SEARCH_PATHS = "$(inherited) @executable_path/Frameworks @loader_path/Frameworks";
				PRODUCT_BUNDLE_IDENTIFIER = SuperSizeMe.SuperSizeMeTests;
				PRODUCT_NAME = "$(TARGET_NAME)";
				SWIFT_VERSION = 4.0;
				TARGETED_DEVICE_FAMILY = "1,2";
				TEST_HOST = "$(BUILT_PRODUCTS_DIR)/SuperSizeMe.app/SuperSizeMe";
			};
			name = Debug;
		};
		FA0A3B1D1F80017C00D89784 /* Release */ = {
			isa = XCBuildConfiguration;
			buildSettings = {
				ALWAYS_EMBED_SWIFT_STANDARD_LIBRARIES = YES;
				BUNDLE_LOADER = "$(TEST_HOST)";
				CODE_SIGN_STYLE = Automatic;
				INFOPLIST_FILE = SuperSizeMeTests/Info.plist;
				LD_RUNPATH_SEARCH_PATHS = "$(inherited) @executable_path/Frameworks @loader_path/Frameworks";
				PRODUCT_BUNDLE_IDENTIFIER = SuperSizeMe.SuperSizeMeTests;
				PRODUCT_NAME = "$(TARGET_NAME)";
				SWIFT_VERSION = 4.0;
				TARGETED_DEVICE_FAMILY = "1,2";
				TEST_HOST = "$(BUILT_PRODUCTS_DIR)/SuperSizeMe.app/SuperSizeMe";
			};
			name = Release;
		};
		FA0A3B1F1F80017C00D89784 /* Debug */ = {
			isa = XCBuildConfiguration;
			buildSettings = {
				ALWAYS_EMBED_SWIFT_STANDARD_LIBRARIES = YES;
				CODE_SIGN_STYLE = Automatic;
				INFOPLIST_FILE = SuperSizeMeUITests/Info.plist;
				LD_RUNPATH_SEARCH_PATHS = "$(inherited) @executable_path/Frameworks @loader_path/Frameworks";
				PRODUCT_BUNDLE_IDENTIFIER = SuperSizeMe.SuperSizeMeUITests;
				PRODUCT_NAME = "$(TARGET_NAME)";
				SWIFT_VERSION = 4.0;
				TARGETED_DEVICE_FAMILY = "1,2";
				TEST_TARGET_NAME = SuperSizeMe;
			};
			name = Debug;
		};
		FA0A3B201F80017C00D89784 /* Release */ = {
			isa = XCBuildConfiguration;
			buildSettings = {
				ALWAYS_EMBED_SWIFT_STANDARD_LIBRARIES = YES;
				CODE_SIGN_STYLE = Automatic;
				INFOPLIST_FILE = SuperSizeMeUITests/Info.plist;
				LD_RUNPATH_SEARCH_PATHS = "$(inherited) @executable_path/Frameworks @loader_path/Frameworks";
				PRODUCT_BUNDLE_IDENTIFIER = SuperSizeMe.SuperSizeMeUITests;
				PRODUCT_NAME = "$(TARGET_NAME)";
				SWIFT_VERSION = 4.0;
				TARGETED_DEVICE_FAMILY = "1,2";
				TEST_TARGET_NAME = SuperSizeMe;
			};
			name = Release;
		};
/* End XCBuildConfiguration section */

/* Begin XCConfigurationList section */
		FA0A3AEB1F80017B00D89784 /* Build configuration list for PBXProject "SuperSizeMe" */ = {
			isa = XCConfigurationList;
			buildConfigurations = (
				FA0A3B161F80017C00D89784 /* Debug */,
				FA0A3B171F80017C00D89784 /* Release */,
			);
			defaultConfigurationIsVisible = 0;
			defaultConfigurationName = Release;
		};
		FA0A3B181F80017C00D89784 /* Build configuration list for PBXNativeTarget "SuperSizeMe" */ = {
			isa = XCConfigurationList;
			buildConfigurations = (
				FA0A3B191F80017C00D89784 /* Debug */,
				FA0A3B1A1F80017C00D89784 /* Release */,
			);
			defaultConfigurationIsVisible = 0;
			defaultConfigurationName = Release;
		};
		FA0A3B1B1F80017C00D89784 /* Build configuration list for PBXNativeTarget "SuperSizeMeTests" */ = {
			isa = XCConfigurationList;
			buildConfigurations = (
				FA0A3B1C1F80017C00D89784 /* Debug */,
				FA0A3B1D1F80017C00D89784 /* Release */,
			);
			defaultConfigurationIsVisible = 0;
			defaultConfigurationName = Release;
		};
		FA0A3B1E1F80017C00D89784 /* Build configuration list for PBXNativeTarget "SuperSizeMeUITests" */ = {
			isa = XCConfigurationList;
			buildConfigurations = (
				FA0A3B1F1F80017C00D89784 /* Debug */,
				FA0A3B201F80017C00D89784 /* Release */,
			);
			defaultConfigurationIsVisible = 0;
			defaultConfigurationName = Release;
		};
/* End XCConfigurationList section */
	};
	rootObject = FA0A3AE81F80017B00D89784 /* Project object */;
}
